<?xml version="1.0" encoding="utf-8"?>
<Project ToolsVersion="4.0" xmlns="http://schemas.microsoft.com/developer/msbuild/2003">
  <ItemGroup>
    <Filter Include="Src">
      <UniqueIdentifier>{9fed1b46-d8c3-4d59-9c81-e420b2c2ece2}</UniqueIdentifier>
    </Filter>
    <Filter Include="Src\Main">
      <UniqueIdentifier>{202e27de-3ffe-4d54-8ff8-000124fcc3fd}</UniqueIdentifier>
    </Filter>
    <Filter Include="Src\Utils">
      <UniqueIdentifier>{1cf84165-d8e1-4b58-96b9-aaf59b949e0c}</UniqueIdentifier>
    </Filter>
    <Filter Include="Src\Utils\GameTimer">
      <UniqueIdentifier>{c115b14e-d84a-4cfa-a491-82eed54ad57a}</UniqueIdentifier>
    </Filter>
    <Filter Include="Src\Graphics">
      <UniqueIdentifier>{e50f110a-07b2-4089-a4f6-8babcaf9a3c4}</UniqueIdentifier>
    </Filter>
    <Filter Include="Engine Config">
      <UniqueIdentifier>{aa0a4e36-46de-4e53-a751-0736d5414f9c}</UniqueIdentifier>
    </Filter>
    <Filter Include="Src\Debug">
      <UniqueIdentifier>{89c77d83-7144-43cf-a5cb-3ac50a0f107b}</UniqueIdentifier>
    </Filter>
    <Filter Include="Src\Debug\Log">
      <UniqueIdentifier>{6445d5da-54d6-40bf-a64a-aab0d830d03e}</UniqueIdentifier>
    </Filter>
    <Filter Include="Src\Rendering">
      <UniqueIdentifier>{de7b93c8-d802-4fc2-bc19-d73b467f2c47}</UniqueIdentifier>
    </Filter>
    <Filter Include="Src\Geometry">
      <UniqueIdentifier>{3b1b2047-d2f3-4272-88b1-33751e74ceea}</UniqueIdentifier>
    </Filter>
    <Filter Include="Includes">
      <UniqueIdentifier>{f41ecde8-b268-4638-b8d8-379945c6bac4}</UniqueIdentifier>
    </Filter>
    <Filter Include="Src\Statics">
      <UniqueIdentifier>{48f0701c-46b4-43bd-a57b-83fa4f29cd75}</UniqueIdentifier>
    </Filter>
    <Filter Include="Src\3rdParty">
      <UniqueIdentifier>{b1910c79-cc8d-4fe2-8855-b491ab57ffff}</UniqueIdentifier>
    </Filter>
    <Filter Include="Src\3rdParty\LodePNG">
      <UniqueIdentifier>{ad10e84a-92ab-4c93-bbd5-2c02fa67c1b7}</UniqueIdentifier>
    </Filter>
    <Filter Include="Src\Gameplay">
      <UniqueIdentifier>{3a14c2c6-802c-4b21-811c-e503f7293b2f}</UniqueIdentifier>
    </Filter>
    <Filter Include="Src\Gameplay\Scene">
      <UniqueIdentifier>{1720890d-73e0-4bc0-949b-4e86917f4ae1}</UniqueIdentifier>
    </Filter>
    <Filter Include="Src\Gameplay\SceneManager">
      <UniqueIdentifier>{63e5ce7f-1110-4ae0-87ce-1e043b767119}</UniqueIdentifier>
    </Filter>
    <Filter Include="Src\Gameplay\GameObject">
      <UniqueIdentifier>{aa13118b-4549-415d-946b-c7093de9ef64}</UniqueIdentifier>
    </Filter>
    <Filter Include="Src\Components">
      <UniqueIdentifier>{1adca17c-610d-45d6-b49c-1fbc66585c15}</UniqueIdentifier>
    </Filter>
    <Filter Include="Src\Components\StaticMeshRenderComponent">
      <UniqueIdentifier>{68a08352-282d-41c6-bb61-efff8876d698}</UniqueIdentifier>
    </Filter>
    <Filter Include="Src\Components\BaseComponent">
      <UniqueIdentifier>{811a605e-c20d-4f04-9be8-ca2da77f8263}</UniqueIdentifier>
    </Filter>
    <Filter Include="Src\Graphics\GraphicsManager">
      <UniqueIdentifier>{e3c81961-aea1-4300-bd9f-b6363424e1a0}</UniqueIdentifier>
    </Filter>
    <Filter Include="Src\Graphics\GraphicsManager\D3D11">
      <UniqueIdentifier>{9dfed7cc-e0b3-4143-aa77-688d2c5ebcd1}</UniqueIdentifier>
    </Filter>
    <Filter Include="Src\Graphics\GraphicsDevice">
      <UniqueIdentifier>{e9fc13b3-4997-4e4c-96c4-a4ed8b245e5c}</UniqueIdentifier>
    </Filter>
    <Filter Include="Src\Graphics\GraphicsSwapchain">
      <UniqueIdentifier>{35825287-6458-4ad8-88e8-220e127bf532}</UniqueIdentifier>
    </Filter>
    <Filter Include="Src\Graphics\GraphicsDevice\D3D11">
      <UniqueIdentifier>{2aebabb3-da4b-4ac4-a49c-9bb2462486fd}</UniqueIdentifier>
    </Filter>
    <Filter Include="Src\Graphics\GraphicsSwapchain\D3D11">
      <UniqueIdentifier>{79c35268-8fb1-4635-94f4-0b9f0c900a37}</UniqueIdentifier>
    </Filter>
    <Filter Include="Src\Graphics\DepthStencilView">
      <UniqueIdentifier>{cd3c5a7d-c26d-4897-a6e5-4208d00fae9b}</UniqueIdentifier>
    </Filter>
    <Filter Include="Src\Graphics\DepthStencilView\D3D11">
      <UniqueIdentifier>{12938db4-0b19-48eb-9893-4424be841857}</UniqueIdentifier>
    </Filter>
    <Filter Include="Src\Graphics\RenderTargetView">
      <UniqueIdentifier>{7dcd9267-c456-497f-96b5-3b731e4a5425}</UniqueIdentifier>
    </Filter>
    <Filter Include="Src\Graphics\RenderTargetView\D3D11">
      <UniqueIdentifier>{058c5413-c58a-4674-9146-afcb8b05edd7}</UniqueIdentifier>
    </Filter>
    <Filter Include="Src\Graphics\Texture2D">
      <UniqueIdentifier>{ca151639-16be-433d-9639-8a34b8bfe671}</UniqueIdentifier>
    </Filter>
    <Filter Include="Src\Graphics\Texture2D\D3D11">
      <UniqueIdentifier>{8eae44f4-56f0-4ffd-8de5-91fab5dc76bc}</UniqueIdentifier>
    </Filter>
    <Filter Include="Src\Graphics\BufferResource">
      <UniqueIdentifier>{2c3aad5c-f551-46d3-a6b6-4b50161db490}</UniqueIdentifier>
    </Filter>
    <Filter Include="Src\Graphics\TextureResource">
      <UniqueIdentifier>{1bfa1c05-ad64-41a4-ad81-bdf15b51eaa6}</UniqueIdentifier>
    </Filter>
    <Filter Include="Src\Graphics\TextureResource\D3D11">
      <UniqueIdentifier>{57d81823-e3c6-439a-9ea8-c4016e574683}</UniqueIdentifier>
    </Filter>
    <Filter Include="Src\Graphics\BufferResource\D3D11">
      <UniqueIdentifier>{041d32d8-e0f6-4315-8759-c40ae683b6c4}</UniqueIdentifier>
    </Filter>
    <Filter Include="Src\Graphics\ViewResource">
      <UniqueIdentifier>{6b7a221e-5071-4636-99c0-097180cd5fb3}</UniqueIdentifier>
    </Filter>
    <Filter Include="Src\Graphics\ViewResource\D3D11">
      <UniqueIdentifier>{bf7d8e52-276d-47cb-88ca-6fa77c8e31af}</UniqueIdentifier>
    </Filter>
    <Filter Include="Src\Graphics\CommonResource">
      <UniqueIdentifier>{23bca776-fa37-429c-9ac8-75acd777b249}</UniqueIdentifier>
    </Filter>
    <Filter Include="Src\Graphics\CommonResource\D3D11">
      <UniqueIdentifier>{f5bb8c53-b5a1-43cd-a485-504fc7fd7dde}</UniqueIdentifier>
    </Filter>
    <Filter Include="Src\Core">
      <UniqueIdentifier>{856d0c85-3aff-449f-9481-63c6db6f4444}</UniqueIdentifier>
    </Filter>
    <Filter Include="Src\Core\CoreObject">
      <UniqueIdentifier>{d63ca38d-64a2-4411-ac94-c707c356639c}</UniqueIdentifier>
    </Filter>
    <Filter Include="Src\OS">
      <UniqueIdentifier>{d7ab8b22-b55b-45bc-a626-339546ee6629}</UniqueIdentifier>
    </Filter>
    <Filter Include="Src\OS\Application">
      <UniqueIdentifier>{c45d05d1-44ee-46a4-9942-6522d231a2f6}</UniqueIdentifier>
    </Filter>
    <Filter Include="Src\OS\Application\Win32">
      <UniqueIdentifier>{4e549a71-82e8-46d6-bd28-9bb2bb397cf2}</UniqueIdentifier>
    </Filter>
    <Filter Include="Src\OS\OSWindow">
      <UniqueIdentifier>{f111e6d9-f608-4fa4-92dd-819b4dc08a77}</UniqueIdentifier>
    </Filter>
    <Filter Include="Src\OS\OSWindow\Win32">
      <UniqueIdentifier>{550a47a1-9beb-4b4a-8365-1fc2cafff529}</UniqueIdentifier>
    </Filter>
    <Filter Include="Src\Graphics\VertexBuffer">
      <UniqueIdentifier>{5ffcf55e-3186-45b1-b4e3-4afa0d550417}</UniqueIdentifier>
    </Filter>
    <Filter Include="Src\Graphics\VertexBuffer\D3D11">
      <UniqueIdentifier>{3f211834-5b1a-4b1d-953e-6ffbfd88dd13}</UniqueIdentifier>
    </Filter>
    <Filter Include="Src\Statics\D3D11Statics">
      <UniqueIdentifier>{84441dce-cee9-4440-ba48-b7b5bec0a63a}</UniqueIdentifier>
    </Filter>
    <Filter Include="Globals">
      <UniqueIdentifier>{e353e360-00ec-4705-a2a7-f0e8189f0166}</UniqueIdentifier>
    </Filter>
    <Filter Include="EngineAssets">
      <UniqueIdentifier>{d6d0af0c-ff72-4d6e-b326-702347b3aa9c}</UniqueIdentifier>
    </Filter>
    <Filter Include="Src\Graphics\VertexShader">
      <UniqueIdentifier>{bccbe8af-5068-4188-b7ef-6d738bd7d4d1}</UniqueIdentifier>
    </Filter>
    <Filter Include="Src\Graphics\ShaderResource">
      <UniqueIdentifier>{3893dcac-cdc7-4616-86ff-1b1d05862411}</UniqueIdentifier>
    </Filter>
    <Filter Include="Src\Graphics\ShaderResource\D3D11">
      <UniqueIdentifier>{ed4c631c-8e35-4761-aefb-d53cf94ee677}</UniqueIdentifier>
    </Filter>
    <Filter Include="Src\Graphics\VertexShader\D3D11">
      <UniqueIdentifier>{be4dab83-8469-4eb1-8833-50cddf0a6b39}</UniqueIdentifier>
    </Filter>
    <Filter Include="Src\Graphics\PixelShader">
      <UniqueIdentifier>{43c3afba-fbfd-48dc-86c3-6aaee3ef59e6}</UniqueIdentifier>
    </Filter>
    <Filter Include="Src\Graphics\PixelShader\D3D11">
      <UniqueIdentifier>{b6e1b969-2708-4134-bdbe-60c8bb217498}</UniqueIdentifier>
    </Filter>
    <Filter Include="Src\Graphics\Program">
      <UniqueIdentifier>{8191cdbe-28da-4e9f-9b11-c6e21cfc704c}</UniqueIdentifier>
    </Filter>
    <Filter Include="Src\Graphics\VertexInputSignature">
      <UniqueIdentifier>{00f0d5c5-bef7-4586-adce-bd730e9cdde4}</UniqueIdentifier>
    </Filter>
    <Filter Include="Src\Graphics\VertexInputSignature\D3D11">
      <UniqueIdentifier>{e0a82f4a-97e2-4085-bd6a-43611e9aa7a7}</UniqueIdentifier>
    </Filter>
    <Filter Include="Src\3rdParty\dxerr">
      <UniqueIdentifier>{e27bf84d-d3b8-49fa-b858-3848b1605f82}</UniqueIdentifier>
    </Filter>
    <Filter Include="Src\Debug\Rendering">
      <UniqueIdentifier>{4e65a6f7-bbc6-45df-acc3-85c4628486ec}</UniqueIdentifier>
    </Filter>
    <Filter Include="Src\Graphics\IndexBuffer">
      <UniqueIdentifier>{f55ca140-5dec-4fa9-91c1-3cb94173f600}</UniqueIdentifier>
    </Filter>
    <Filter Include="Src\Graphics\IndexBuffer\D3D11">
      <UniqueIdentifier>{af627a1c-ccb6-4c76-b5f4-267e96b9717e}</UniqueIdentifier>
    </Filter>
    <Filter Include="Src\Graphics\PipelineStateResource">
      <UniqueIdentifier>{33003465-3917-4b68-a9ef-55f2a18b9a7a}</UniqueIdentifier>
    </Filter>
    <Filter Include="Src\Graphics\PipelineStateResource\D3D11">
      <UniqueIdentifier>{473ae161-87f1-49c0-8875-fbb18b850853}</UniqueIdentifier>
    </Filter>
    <Filter Include="Src\Graphics\DepthStencilState">
      <UniqueIdentifier>{c6a41fb7-6c54-4638-8afc-ad8437793299}</UniqueIdentifier>
    </Filter>
    <Filter Include="Src\Graphics\DepthStencilState\D3D11">
      <UniqueIdentifier>{bb476afc-df19-4fbe-b9e7-873fb854590d}</UniqueIdentifier>
    </Filter>
    <Filter Include="Src\Graphics\BlendState">
      <UniqueIdentifier>{13b6d820-cc64-4958-afaa-9f3dd321662e}</UniqueIdentifier>
    </Filter>
    <Filter Include="Src\Graphics\RasterizerState">
      <UniqueIdentifier>{f62b7a5e-864f-41e2-a26a-b50a3462a167}</UniqueIdentifier>
    </Filter>
    <Filter Include="Src\Graphics\RasterizerState\D3D11">
      <UniqueIdentifier>{eed4f0a9-d212-4bbd-a835-569782058ee1}</UniqueIdentifier>
    </Filter>
    <Filter Include="Src\Graphics\BlendState\D3D11">
      <UniqueIdentifier>{51c106e7-acaf-4730-98e4-7c940fefa04b}</UniqueIdentifier>
    </Filter>
    <Filter Include="Src\Graphics\ConstandBuffer">
      <UniqueIdentifier>{014977cb-85ef-45f7-8ff5-e3915977bde1}</UniqueIdentifier>
    </Filter>
    <Filter Include="Src\Graphics\ConstandBuffer\D3D11">
      <UniqueIdentifier>{becb89d8-12cc-4bd5-986c-18d8091d1b8d}</UniqueIdentifier>
    </Filter>
    <Filter Include="Src\Core\CoreSubystem">
      <UniqueIdentifier>{9c086f43-f908-486e-b16c-d4af6a2a83ac}</UniqueIdentifier>
    </Filter>
    <Filter Include="Src\Graphics\BasePipelineStateResource">
      <UniqueIdentifier>{f609ecd6-298a-4fc0-8c29-702e4c3528ec}</UniqueIdentifier>
    </Filter>
    <Filter Include="Src\Graphics\BaseResource">
      <UniqueIdentifier>{fbede370-14b7-435d-b1ff-e11ef9e91c31}</UniqueIdentifier>
    </Filter>
    <Filter Include="Src\Graphics\BaseViewResource">
      <UniqueIdentifier>{21d43e47-5811-41b9-a2ab-96eda08beff2}</UniqueIdentifier>
    </Filter>
    <Filter Include="Src\Graphics\BaseShaderResource">
      <UniqueIdentifier>{5703f101-17b6-48da-8405-bdbf15363096}</UniqueIdentifier>
    </Filter>
    <Filter Include="Src\Graphics\RenderTexture2D">
      <UniqueIdentifier>{1fef4540-4aef-4981-8a8b-231691906dea}</UniqueIdentifier>
    </Filter>
    <Filter Include="Src\Graphics\RenderTexture2D\D3D11">
      <UniqueIdentifier>{f4b9464c-4a22-4120-bf85-93dd862784c9}</UniqueIdentifier>
    </Filter>
    <Filter Include="Src\Math">
      <UniqueIdentifier>{f4e5b7d1-d413-4281-9417-49c69f9fc567}</UniqueIdentifier>
    </Filter>
    <Filter Include="Src\Math\Vector">
      <UniqueIdentifier>{1c1e8bef-e454-442a-9256-2a218e4272a3}</UniqueIdentifier>
    </Filter>
    <Filter Include="Src\Math\Matrix">
      <UniqueIdentifier>{849ddbbf-1960-4f9e-8cf3-74fe28943cce}</UniqueIdentifier>
    </Filter>
    <Filter Include="Src\Graphics\DepthStencilTexture2D">
      <UniqueIdentifier>{181c82cb-55e7-4993-89d0-f29e055accc0}</UniqueIdentifier>
    </Filter>
    <Filter Include="Src\Graphics\DepthStencilTexture2D\D3D11">
      <UniqueIdentifier>{56ef115c-5cc9-4d34-944c-02b288564e02}</UniqueIdentifier>
    </Filter>
    <Filter Include="Src\Graphics\ShaderResourceView">
      <UniqueIdentifier>{6e6d6bea-465a-42ac-9454-11712420d7e1}</UniqueIdentifier>
    </Filter>
    <Filter Include="Src\Graphics\ShaderResourceView\D3D11">
      <UniqueIdentifier>{12201897-219e-4576-9498-1f98ec434342}</UniqueIdentifier>
    </Filter>
    <Filter Include="Src\Graphics\SamplerState">
      <UniqueIdentifier>{e4aaa1bc-5a44-42d3-af8b-40c4f5dda2ef}</UniqueIdentifier>
    </Filter>
    <Filter Include="Src\Graphics\SamplerState\D3D11">
      <UniqueIdentifier>{036697df-bc81-481b-aef5-51a10d270393}</UniqueIdentifier>
    </Filter>
    <Filter Include="Src\Rendering\VirtualCamera">
      <UniqueIdentifier>{836de219-a4b5-4172-8c4c-673fc96dd2ce}</UniqueIdentifier>
    </Filter>
    <Filter Include="Src\Input">
      <UniqueIdentifier>{ea97813f-1bbe-48fe-997a-75acbd175370}</UniqueIdentifier>
    </Filter>
    <Filter Include="Src\Rendering\RenderTarget">
      <UniqueIdentifier>{d10ebb12-b67e-4cb9-bdb3-3b109beb83f3}</UniqueIdentifier>
    </Filter>
    <Filter Include="Src\Rendering\RenderTargetSet">
      <UniqueIdentifier>{82d02ffb-3366-42d9-994e-9c899b770b93}</UniqueIdentifier>
    </Filter>
  </ItemGroup>
  <ItemGroup>
    <ClCompile Include="..\Main\EngineMain.cpp">
      <Filter>Src\Main</Filter>
    </ClCompile>
    <ClCompile Include="..\Utils\GameTimer\GameTimer.cpp">
      <Filter>Src\Utils\GameTimer</Filter>
    </ClCompile>
    <ClCompile Include="..\Debug\Log\DebugLog.cpp">
      <Filter>Src\Debug\Log</Filter>
    </ClCompile>
    <ClCompile Include="..\3rdParty\LodePNG\lodepng.cpp">
      <Filter>Src\3rdParty\LodePNG</Filter>
    </ClCompile>
    <ClCompile Include="..\Gameplay\SceneManager\SceneManager.cpp">
      <Filter>Src\Gameplay\SceneManager</Filter>
    </ClCompile>
    <ClCompile Include="..\Gameplay\Scene\Scene.cpp">
      <Filter>Src\Gameplay\Scene</Filter>
    </ClCompile>
    <ClCompile Include="..\Gameplay\GameObject\GameObject.cpp">
      <Filter>Src\Gameplay\GameObject</Filter>
    </ClCompile>
    <ClCompile Include="..\Components\BaseComponent\BaseComponent.cpp">
      <Filter>Src\Components\BaseComponent</Filter>
    </ClCompile>
    <ClCompile Include="..\Graphics\GraphicsManager\D3D11\D3D11GraphicsManager.cpp">
      <Filter>Src\Graphics\GraphicsManager\D3D11</Filter>
    </ClCompile>
    <ClCompile Include="..\Graphics\GraphicsManager\GraphicsManager.cpp">
      <Filter>Src\Graphics\GraphicsManager</Filter>
    </ClCompile>
    <ClCompile Include="..\Graphics\GraphicsDevice\D3D11\D3D11GraphicsDevice.cpp">
      <Filter>Src\Graphics\GraphicsDevice\D3D11</Filter>
    </ClCompile>
    <ClCompile Include="..\Graphics\GraphicsSwapchain\D3D11\D3D11GraphicsSwapchain.cpp">
      <Filter>Src\Graphics\GraphicsSwapchain\D3D11</Filter>
    </ClCompile>
    <ClCompile Include="..\Graphics\Texture2D\D3D11\D3D11Texture2D.cpp">
      <Filter>Src\Graphics\Texture2D\D3D11</Filter>
    </ClCompile>
    <ClCompile Include="..\Graphics\RenderTargetView\D3D11\D3D11RenderTargetView.cpp">
      <Filter>Src\Graphics\RenderTargetView\D3D11</Filter>
    </ClCompile>
    <ClCompile Include="..\Graphics\DepthStencilView\D3D11\D3D11DepthStencilView.cpp">
      <Filter>Src\Graphics\DepthStencilView\D3D11</Filter>
    </ClCompile>
    <ClCompile Include="..\Graphics\CommonResource\D3D11\D3D11CommonResource.cpp">
      <Filter>Src\Graphics\CommonResource\D3D11</Filter>
    </ClCompile>
    <ClCompile Include="..\Graphics\TextureResource\D3D11\D3D11TextureResource.cpp">
      <Filter>Src\Graphics\TextureResource\D3D11</Filter>
    </ClCompile>
    <ClCompile Include="..\Core\CoreObject\CoreObject.cpp">
      <Filter>Src\Core\CoreObject</Filter>
    </ClCompile>
    <ClCompile Include="..\Graphics\ViewResource\D3D11\D3D11ViewResource.cpp">
      <Filter>Src\Graphics\ViewResource\D3D11</Filter>
    </ClCompile>
    <ClCompile Include="..\Graphics\BufferResource\D3D11\D3D11BufferResource.cpp">
      <Filter>Src\Graphics\BufferResource\D3D11</Filter>
    </ClCompile>
    <ClCompile Include="..\OS\Application\Win32\Win32Application.cpp">
      <Filter>Src\OS\Application\Win32</Filter>
    </ClCompile>
    <ClCompile Include="..\OS\OSWindow\Win32\Win32OSWindow.cpp">
      <Filter>Src\OS\OSWindow\Win32</Filter>
    </ClCompile>
    <ClCompile Include="..\Graphics\VertexBuffer\D3D11\D3D11VertexBuffer.cpp">
      <Filter>Src\Graphics\VertexBuffer\D3D11</Filter>
    </ClCompile>
    <ClCompile Include="..\Statics\D3D11Statics\D3D11Statics.cpp">
      <Filter>Src\Statics\D3D11Statics</Filter>
    </ClCompile>
    <ClCompile Include="..\Graphics\ShaderResource\D3D11\D3D11ShaderResource.cpp">
      <Filter>Src\Graphics\ShaderResource\D3D11</Filter>
    </ClCompile>
    <ClCompile Include="..\Graphics\VertexShader\D3D11\D3D11VertexShader.cpp">
      <Filter>Src\Graphics\VertexShader\D3D11</Filter>
    </ClCompile>
    <ClCompile Include="..\Graphics\PixelShader\D3D11\D3D11PixelShader.cpp">
      <Filter>Src\Graphics\PixelShader\D3D11</Filter>
    </ClCompile>
    <ClCompile Include="..\Graphics\VertexInputSignature\D3D11\D3D11VertexInputSignature.cpp">
      <Filter>Src\Graphics\VertexInputSignature\D3D11</Filter>
    </ClCompile>
    <ClCompile Include="..\3rdParty\dxerr\dxerr.cpp">
      <Filter>Src\3rdParty\dxerr</Filter>
    </ClCompile>
    <ClCompile Include="..\Debug\Rendering\DebugRendering.cpp">
      <Filter>Src\Debug\Rendering</Filter>
    </ClCompile>
    <ClCompile Include="..\Graphics\IndexBuffer\D3D11\D3D11IndexBuffer.cpp">
      <Filter>Src\Graphics\IndexBuffer\D3D11</Filter>
    </ClCompile>
    <ClCompile Include="..\Graphics\PipelineStateResource\D3D11\D3D11PipelineStateResource.cpp">
      <Filter>Src\Graphics\PipelineStateResource\D3D11</Filter>
    </ClCompile>
    <ClCompile Include="..\Graphics\DepthStencilState\D3D11\D3D11DepthStencilState.cpp">
      <Filter>Src\Graphics\DepthStencilState\D3D11</Filter>
    </ClCompile>
    <ClCompile Include="..\Graphics\RasterizerState\D3D11\D3D11RasterizerState.cpp">
      <Filter>Src\Graphics\RasterizerState\D3D11</Filter>
    </ClCompile>
    <ClCompile Include="..\Graphics\BlendState\D3D11\D3D11BlendState.cpp">
      <Filter>Src\Graphics\BlendState\D3D11</Filter>
    </ClCompile>
    <ClCompile Include="..\Graphics\ConstantBuffer\D3D11\D3D11ConstantBuffer.cpp">
      <Filter>Src\Graphics\ConstandBuffer\D3D11</Filter>
    </ClCompile>
    <ClCompile Include="..\Graphics\CommonResource\CommonResource.cpp">
      <Filter>Src\Graphics\CommonResource</Filter>
    </ClCompile>
    <ClCompile Include="..\Core\CoreSubsystem\CoreSubsystem.cpp">
      <Filter>Src\Core\CoreSubystem</Filter>
    </ClCompile>
    <ClCompile Include="..\Graphics\BaseResource\BaseResource.cpp">
      <Filter>Src\Graphics\BaseResource</Filter>
    </ClCompile>
    <ClCompile Include="..\Graphics\BasePipelineStateResource\BasePipelineStateResource.cpp">
      <Filter>Src\Graphics\BasePipelineStateResource</Filter>
    </ClCompile>
    <ClCompile Include="..\Graphics\BaseViewResource\BaseViewResource.cpp">
      <Filter>Src\Graphics\BaseViewResource</Filter>
    </ClCompile>
    <ClCompile Include="..\Graphics\BaseShaderResource\BaseShaderResource.cpp">
      <Filter>Src\Graphics\BaseShaderResource</Filter>
    </ClCompile>
    <ClCompile Include="..\Graphics\RenderTexture2D\D3D11\D3D11RenderTexture2D.cpp">
      <Filter>Src\Graphics\RenderTexture2D\D3D11</Filter>
    </ClCompile>
    <ClCompile Include="..\Graphics\DepthStencilTexture2D\D3D11\D3D11DepthStencilTexture2D.cpp">
      <Filter>Src\Graphics\DepthStencilTexture2D\D3D11</Filter>
    </ClCompile>
    <ClCompile Include="..\Graphics\ShaderResourceView\D3D11\D3D11ShaderResourceView.cpp">
      <Filter>Src\Graphics\ShaderResourceView\D3D11</Filter>
    </ClCompile>
    <ClCompile Include="..\Graphics\SamplerState\D3D11\D3D11SamplerState.cpp">
      <Filter>Src\Graphics\SamplerState\D3D11</Filter>
    </ClCompile>
    <ClCompile Include="..\Rendering\VirtualCamera\VirtualCamera.cpp">
      <Filter>Src\Rendering\VirtualCamera</Filter>
    </ClCompile>
    <ClCompile Include="..\Rendering\RenderTarget\RenderTarget.cpp">
      <Filter>Src\Rendering\RenderTarget</Filter>
    </ClCompile>
    <ClCompile Include="..\Rendering\RenderTargetSet\RenderTargetSet.cpp">
      <Filter>Src\Rendering\RenderTargetSet</Filter>
    </ClCompile>
  </ItemGroup>
  <ItemGroup>
    <ClInclude Include="..\Main\EngineStd.h">
      <Filter>Src\Main</Filter>
    </ClInclude>
    <ClInclude Include="..\Utils\GameTimer\GameTimer.h">
      <Filter>Src\Utils\GameTimer</Filter>
    </ClInclude>
    <ClInclude Include="..\Config\EngineConfig.h">
      <Filter>Engine Config</Filter>
    </ClInclude>
    <ClInclude Include="..\Debug\Log\DebugLog.h">
      <Filter>Src\Debug\Log</Filter>
    </ClInclude>
    <ClInclude Include="..\Config\Win32Config.h">
      <Filter>Engine Config</Filter>
    </ClInclude>
    <ClInclude Include="..\Includes\GraphicsIncludes.h">
      <Filter>Includes</Filter>
    </ClInclude>
    <ClInclude Include="..\Config\GraphicsConfig.h">
      <Filter>Engine Config</Filter>
    </ClInclude>
    <ClInclude Include="..\Includes\RenderingIncludes.h">
      <Filter>Includes</Filter>
    </ClInclude>
    <ClInclude Include="..\3rdParty\LodePNG\lodepng.h">
      <Filter>Src\3rdParty\LodePNG</Filter>
    </ClInclude>
    <ClInclude Include="..\Gameplay\SceneManager\SceneManager.h">
      <Filter>Src\Gameplay\SceneManager</Filter>
    </ClInclude>
    <ClInclude Include="..\Gameplay\Scene\Scene.h">
      <Filter>Src\Gameplay\Scene</Filter>
    </ClInclude>
    <ClInclude Include="..\Gameplay\GameObject\GameObject.h">
      <Filter>Src\Gameplay\GameObject</Filter>
    </ClInclude>
    <ClInclude Include="..\Components\BaseComponent\BaseComponent.h">
      <Filter>Src\Components\BaseComponent</Filter>
    </ClInclude>
    <ClInclude Include="..\Config\D3D11Config.h">
      <Filter>Engine Config</Filter>
    </ClInclude>
    <ClInclude Include="..\Graphics\GraphicsManager\D3D11\D3D11GraphicsManager.h">
      <Filter>Src\Graphics\GraphicsManager\D3D11</Filter>
    </ClInclude>
    <ClInclude Include="..\Graphics\GraphicsManager\GraphicsManager.h">
      <Filter>Src\Graphics\GraphicsManager</Filter>
    </ClInclude>
    <ClInclude Include="..\Graphics\GraphicsDevice\D3D11\D3D11GraphicsDevice.h">
      <Filter>Src\Graphics\GraphicsDevice\D3D11</Filter>
    </ClInclude>
    <ClInclude Include="..\Graphics\GraphicsDevice\GraphicsDevice.h">
      <Filter>Src\Graphics\GraphicsDevice</Filter>
    </ClInclude>
    <ClInclude Include="..\Graphics\GraphicsSwapchain\D3D11\D3D11GraphicsSwapchain.h">
      <Filter>Src\Graphics\GraphicsSwapchain\D3D11</Filter>
    </ClInclude>
    <ClInclude Include="..\Graphics\GraphicsSwapchain\GraphicsSwapchain.h">
      <Filter>Src\Graphics\GraphicsSwapchain</Filter>
    </ClInclude>
    <ClInclude Include="..\Graphics\Texture2D\D3D11\D3D11Texture2D.h">
      <Filter>Src\Graphics\Texture2D\D3D11</Filter>
    </ClInclude>
    <ClInclude Include="..\Graphics\Texture2D\Texture2D.h">
      <Filter>Src\Graphics\Texture2D</Filter>
    </ClInclude>
    <ClInclude Include="..\Graphics\RenderTargetView\D3D11\D3D11RenderTargetView.h">
      <Filter>Src\Graphics\RenderTargetView\D3D11</Filter>
    </ClInclude>
    <ClInclude Include="..\Graphics\RenderTargetView\RenderTargetView.h">
      <Filter>Src\Graphics\RenderTargetView</Filter>
    </ClInclude>
    <ClInclude Include="..\Graphics\DepthStencilView\DepthStencilView.h">
      <Filter>Src\Graphics\DepthStencilView</Filter>
    </ClInclude>
    <ClInclude Include="..\Graphics\DepthStencilView\D3D11\D3D11DepthStencilView.h">
      <Filter>Src\Graphics\DepthStencilView\D3D11</Filter>
    </ClInclude>
    <ClInclude Include="..\Graphics\CommonResource\D3D11\D3D11CommonResource.h">
      <Filter>Src\Graphics\CommonResource\D3D11</Filter>
    </ClInclude>
    <ClInclude Include="..\Graphics\CommonResource\CommonResource.h">
      <Filter>Src\Graphics\CommonResource</Filter>
    </ClInclude>
    <ClInclude Include="..\Graphics\TextureResource\D3D11\D3D11TextureResource.h">
      <Filter>Src\Graphics\TextureResource\D3D11</Filter>
    </ClInclude>
    <ClInclude Include="..\Graphics\TextureResource\TextureResource.h">
      <Filter>Src\Graphics\TextureResource</Filter>
    </ClInclude>
    <ClInclude Include="..\Core\CoreObject\CoreObject.h">
      <Filter>Src\Core\CoreObject</Filter>
    </ClInclude>
    <ClInclude Include="..\Graphics\ViewResource\D3D11\D3D11ViewResource.h">
      <Filter>Src\Graphics\ViewResource\D3D11</Filter>
    </ClInclude>
    <ClInclude Include="..\Graphics\ViewResource\ViewResource.h">
      <Filter>Src\Graphics\ViewResource</Filter>
    </ClInclude>
    <ClInclude Include="..\Graphics\BufferResource\D3D11\D3D11BufferResource.h">
      <Filter>Src\Graphics\BufferResource\D3D11</Filter>
    </ClInclude>
    <ClInclude Include="..\Graphics\BufferResource\BufferResource.h">
      <Filter>Src\Graphics\BufferResource</Filter>
    </ClInclude>
    <ClInclude Include="..\OS\Application\Win32\Win32Application.h">
      <Filter>Src\OS\Application\Win32</Filter>
    </ClInclude>
    <ClInclude Include="..\OS\Application\Application.h">
      <Filter>Src\OS\Application</Filter>
    </ClInclude>
    <ClInclude Include="..\OS\OSWindow\Win32\Win32OSWindow.h">
      <Filter>Src\OS\OSWindow\Win32</Filter>
    </ClInclude>
    <ClInclude Include="..\OS\OSWindow\OSWindow.h">
      <Filter>Src\OS\OSWindow</Filter>
    </ClInclude>
    <ClInclude Include="..\Graphics\VertexBuffer\D3D11\D3D11VertexBuffer.h">
      <Filter>Src\Graphics\VertexBuffer\D3D11</Filter>
    </ClInclude>
    <ClInclude Include="..\Graphics\VertexBuffer\VertexBuffer.h">
      <Filter>Src\Graphics\VertexBuffer</Filter>
    </ClInclude>
    <ClInclude Include="..\Statics\D3D11Statics\D3D11Statics.h">
      <Filter>Src\Statics\D3D11Statics</Filter>
    </ClInclude>
    <ClInclude Include="..\Globals\GraphicsGlobals.h">
      <Filter>Globals</Filter>
    </ClInclude>
    <ClInclude Include="..\Graphics\ShaderResource\D3D11\D3D11ShaderResource.h">
      <Filter>Src\Graphics\ShaderResource\D3D11</Filter>
    </ClInclude>
    <ClInclude Include="..\Graphics\ShaderResource\ShaderResource.h">
      <Filter>Src\Graphics\ShaderResource</Filter>
    </ClInclude>
    <ClInclude Include="..\Graphics\VertexShader\D3D11\D3D11VertexShader.h">
      <Filter>Src\Graphics\VertexShader\D3D11</Filter>
    </ClInclude>
    <ClInclude Include="..\Graphics\VertexShader\VertexShader.h">
      <Filter>Src\Graphics\VertexShader</Filter>
    </ClInclude>
    <ClInclude Include="..\Graphics\PixelShader\D3D11\D3D11PixelShader.h">
      <Filter>Src\Graphics\PixelShader\D3D11</Filter>
    </ClInclude>
    <ClInclude Include="..\Graphics\PixelShader\PixelShader.h">
      <Filter>Src\Graphics\PixelShader</Filter>
    </ClInclude>
    <ClInclude Include="..\Graphics\VertexInputSignature\D3D11\D3D11VertexInputSignature.h">
      <Filter>Src\Graphics\VertexInputSignature\D3D11</Filter>
    </ClInclude>
    <ClInclude Include="..\Graphics\VertexInputSignature\VertexInputSignature.h">
      <Filter>Src\Graphics\VertexInputSignature</Filter>
    </ClInclude>
    <ClInclude Include="..\Includes\MathIncludes.h">
      <Filter>Includes</Filter>
    </ClInclude>
    <ClInclude Include="..\3rdParty\dxerr\dxerr.h">
      <Filter>Src\3rdParty\dxerr</Filter>
    </ClInclude>
    <ClInclude Include="..\Debug\Rendering\DebugRendering.h">
      <Filter>Src\Debug\Rendering</Filter>
    </ClInclude>
    <ClInclude Include="..\Includes\DebugIncludes.h">
      <Filter>Includes</Filter>
    </ClInclude>
    <ClInclude Include="..\Graphics\IndexBuffer\D3D11\D3D11IndexBuffer.h">
      <Filter>Src\Graphics\IndexBuffer\D3D11</Filter>
    </ClInclude>
    <ClInclude Include="..\Graphics\IndexBuffer\IndexBuffer.h">
      <Filter>Src\Graphics\IndexBuffer</Filter>
    </ClInclude>
    <ClInclude Include="..\Graphics\PipelineStateResource\D3D11\D3D11PipelineStateResource.h">
      <Filter>Src\Graphics\PipelineStateResource\D3D11</Filter>
    </ClInclude>
    <ClInclude Include="..\Graphics\PipelineStateResource\PipelineStateResource.h">
      <Filter>Src\Graphics\PipelineStateResource</Filter>
    </ClInclude>
    <ClInclude Include="..\Graphics\DepthStencilState\D3D11\D3D11DepthStencilState.h">
      <Filter>Src\Graphics\DepthStencilState\D3D11</Filter>
    </ClInclude>
    <ClInclude Include="..\Graphics\DepthStencilState\DepthStencilState.h">
      <Filter>Src\Graphics\DepthStencilState</Filter>
    </ClInclude>
    <ClInclude Include="..\Graphics\RasterizerState\D3D11\D3D11RasterizerState.h">
      <Filter>Src\Graphics\RasterizerState\D3D11</Filter>
    </ClInclude>
    <ClInclude Include="..\Graphics\RasterizerState\RasterizerState.h">
      <Filter>Src\Graphics\RasterizerState</Filter>
    </ClInclude>
    <ClInclude Include="..\Graphics\BlendState\BlendState.h">
      <Filter>Src\Graphics\BlendState</Filter>
    </ClInclude>
    <ClInclude Include="..\Graphics\BlendState\D3D11\D3D11BlendState.h">
      <Filter>Src\Graphics\BlendState\D3D11</Filter>
    </ClInclude>
    <ClInclude Include="..\Graphics\ConstantBuffer\D3D11\D3D11ConstantBuffer.h">
      <Filter>Src\Graphics\ConstandBuffer\D3D11</Filter>
    </ClInclude>
    <ClInclude Include="..\Graphics\ConstantBuffer\ConstantBuffer.h">
      <Filter>Src\Graphics\ConstandBuffer</Filter>
    </ClInclude>
    <ClInclude Include="..\Core\CoreSubsystem\CoreSubsystem.h">
      <Filter>Src\Core\CoreSubystem</Filter>
    </ClInclude>
    <ClInclude Include="..\Graphics\BaseResource\BaseResource.h">
      <Filter>Src\Graphics\BaseResource</Filter>
    </ClInclude>
    <ClInclude Include="..\Graphics\BasePipelineStateResource\BasePipelineStateResource.h">
      <Filter>Src\Graphics\BasePipelineStateResource</Filter>
    </ClInclude>
    <ClInclude Include="..\Graphics\BaseViewResource\BaseViewResource.h">
      <Filter>Src\Graphics\BaseViewResource</Filter>
    </ClInclude>
    <ClInclude Include="..\Graphics\BaseShaderResource\BaseShaderResource.h">
      <Filter>Src\Graphics\BaseShaderResource</Filter>
    </ClInclude>
    <ClInclude Include="..\Graphics\RenderTexture2D\D3D11\D3D11RenderTexture2D.h">
      <Filter>Src\Graphics\RenderTexture2D\D3D11</Filter>
    </ClInclude>
    <ClInclude Include="..\Graphics\RenderTexture2D\RenderTexture2D.h">
      <Filter>Src\Graphics\RenderTexture2D</Filter>
    </ClInclude>
    <ClInclude Include="..\Graphics\DepthStencilTexture2D\D3D11\D3D11DepthStencilTexture2D.h">
      <Filter>Src\Graphics\DepthStencilTexture2D\D3D11</Filter>
    </ClInclude>
    <ClInclude Include="..\Graphics\DepthStencilTexture2D\DepthStencilTexture2D.h">
      <Filter>Src\Graphics\DepthStencilTexture2D</Filter>
    </ClInclude>
    <ClInclude Include="..\Graphics\ShaderResourceView\D3D11\D3D11ShaderResourceView.h">
      <Filter>Src\Graphics\ShaderResourceView\D3D11</Filter>
    </ClInclude>
    <ClInclude Include="..\Graphics\ShaderResourceView\ShaderResourceView.h">
      <Filter>Src\Graphics\ShaderResourceView</Filter>
    </ClInclude>
    <ClInclude Include="..\Graphics\SamplerState\D3D11\D3D11SamplerState.h">
      <Filter>Src\Graphics\SamplerState\D3D11</Filter>
    </ClInclude>
    <ClInclude Include="..\Graphics\SamplerState\SamplerState.h">
      <Filter>Src\Graphics\SamplerState</Filter>
    </ClInclude>
    <ClInclude Include="..\Rendering\VirtualCamera\VirtualCamera.h">
      <Filter>Src\Rendering\VirtualCamera</Filter>
    </ClInclude>
    <ClInclude Include="..\Math\Math.h">
      <Filter>Src\Math</Filter>
    </ClInclude>
    <ClInclude Include="..\Math\Vector\Vector3D.h">
      <Filter>Src\Math\Vector</Filter>
    </ClInclude>
    <ClInclude Include="..\Math\Matrix\Matrix3x3.h">
      <Filter>Src\Math\Matrix</Filter>
    </ClInclude>
    <ClInclude Include="..\Rendering\RenderTarget\RenderTarget.h">
      <Filter>Src\Rendering\RenderTarget</Filter>
    </ClInclude>
    <ClInclude Include="..\Rendering\RenderTargetSet\RenderTargetSet.h">
      <Filter>Src\Rendering\RenderTargetSet</Filter>
    </ClInclude>
  </ItemGroup>
</Project>