<?xml version="1.0" encoding="utf-8"?>
<Project ToolsVersion="4.0" xmlns="http://schemas.microsoft.com/developer/msbuild/2003">
  <ItemGroup>
    <Filter Include="Src">
      <UniqueIdentifier>{9fed1b46-d8c3-4d59-9c81-e420b2c2ece2}</UniqueIdentifier>
    </Filter>
    <Filter Include="Src\Main">
      <UniqueIdentifier>{202e27de-3ffe-4d54-8ff8-000124fcc3fd}</UniqueIdentifier>
    </Filter>
    <Filter Include="Src\Utils">
      <UniqueIdentifier>{1cf84165-d8e1-4b58-96b9-aaf59b949e0c}</UniqueIdentifier>
    </Filter>
    <Filter Include="Src\Utils\GameTimer">
      <UniqueIdentifier>{c115b14e-d84a-4cfa-a491-82eed54ad57a}</UniqueIdentifier>
    </Filter>
    <Filter Include="Src\Graphics">
      <UniqueIdentifier>{e50f110a-07b2-4089-a4f6-8babcaf9a3c4}</UniqueIdentifier>
    </Filter>
    <Filter Include="Engine Config">
      <UniqueIdentifier>{aa0a4e36-46de-4e53-a751-0736d5414f9c}</UniqueIdentifier>
    </Filter>
    <Filter Include="Src\Debug">
      <UniqueIdentifier>{89c77d83-7144-43cf-a5cb-3ac50a0f107b}</UniqueIdentifier>
    </Filter>
    <Filter Include="Src\Debug\Log">
      <UniqueIdentifier>{6445d5da-54d6-40bf-a64a-aab0d830d03e}</UniqueIdentifier>
    </Filter>
    <Filter Include="Src\Rendering">
      <UniqueIdentifier>{de7b93c8-d802-4fc2-bc19-d73b467f2c47}</UniqueIdentifier>
    </Filter>
    <Filter Include="Src\Geometry">
      <UniqueIdentifier>{3b1b2047-d2f3-4272-88b1-33751e74ceea}</UniqueIdentifier>
    </Filter>
    <Filter Include="Includes">
      <UniqueIdentifier>{f41ecde8-b268-4638-b8d8-379945c6bac4}</UniqueIdentifier>
    </Filter>
    <Filter Include="Src\Statics">
      <UniqueIdentifier>{48f0701c-46b4-43bd-a57b-83fa4f29cd75}</UniqueIdentifier>
    </Filter>
    <Filter Include="Src\3rdParty">
      <UniqueIdentifier>{b1910c79-cc8d-4fe2-8855-b491ab57ffff}</UniqueIdentifier>
    </Filter>
    <Filter Include="Src\3rdParty\LodePNG">
      <UniqueIdentifier>{ad10e84a-92ab-4c93-bbd5-2c02fa67c1b7}</UniqueIdentifier>
    </Filter>
    <Filter Include="Src\Gameplay">
      <UniqueIdentifier>{3a14c2c6-802c-4b21-811c-e503f7293b2f}</UniqueIdentifier>
    </Filter>
    <Filter Include="Src\Gameplay\Scene">
      <UniqueIdentifier>{1720890d-73e0-4bc0-949b-4e86917f4ae1}</UniqueIdentifier>
    </Filter>
    <Filter Include="Src\Gameplay\SceneManager">
      <UniqueIdentifier>{63e5ce7f-1110-4ae0-87ce-1e043b767119}</UniqueIdentifier>
    </Filter>
    <Filter Include="Src\Gameplay\GameObject">
      <UniqueIdentifier>{aa13118b-4549-415d-946b-c7093de9ef64}</UniqueIdentifier>
    </Filter>
    <Filter Include="Src\Components">
      <UniqueIdentifier>{1adca17c-610d-45d6-b49c-1fbc66585c15}</UniqueIdentifier>
    </Filter>
    <Filter Include="Src\Components\StaticMeshRenderComponent">
      <UniqueIdentifier>{68a08352-282d-41c6-bb61-efff8876d698}</UniqueIdentifier>
    </Filter>
    <Filter Include="Src\Components\BaseComponent">
      <UniqueIdentifier>{811a605e-c20d-4f04-9be8-ca2da77f8263}</UniqueIdentifier>
    </Filter>
    <Filter Include="Src\Graphics\GraphicsManager">
      <UniqueIdentifier>{e3c81961-aea1-4300-bd9f-b6363424e1a0}</UniqueIdentifier>
    </Filter>
    <Filter Include="Src\Graphics\GraphicsManager\D3D11">
      <UniqueIdentifier>{9dfed7cc-e0b3-4143-aa77-688d2c5ebcd1}</UniqueIdentifier>
    </Filter>
    <Filter Include="Src\Graphics\GraphicsDevice">
      <UniqueIdentifier>{e9fc13b3-4997-4e4c-96c4-a4ed8b245e5c}</UniqueIdentifier>
    </Filter>
    <Filter Include="Src\Graphics\GraphicsSwapchain">
      <UniqueIdentifier>{35825287-6458-4ad8-88e8-220e127bf532}</UniqueIdentifier>
    </Filter>
    <Filter Include="Src\Graphics\GraphicsDevice\D3D11">
      <UniqueIdentifier>{2aebabb3-da4b-4ac4-a49c-9bb2462486fd}</UniqueIdentifier>
    </Filter>
    <Filter Include="Src\Graphics\GraphicsSwapchain\D3D11">
      <UniqueIdentifier>{79c35268-8fb1-4635-94f4-0b9f0c900a37}</UniqueIdentifier>
    </Filter>
    <Filter Include="Src\Graphics\DepthStencilView">
      <UniqueIdentifier>{cd3c5a7d-c26d-4897-a6e5-4208d00fae9b}</UniqueIdentifier>
    </Filter>
    <Filter Include="Src\Graphics\DepthStencilView\D3D11">
      <UniqueIdentifier>{12938db4-0b19-48eb-9893-4424be841857}</UniqueIdentifier>
    </Filter>
    <Filter Include="Src\Graphics\RenderTargetView">
      <UniqueIdentifier>{7dcd9267-c456-497f-96b5-3b731e4a5425}</UniqueIdentifier>
    </Filter>
    <Filter Include="Src\Graphics\RenderTargetView\D3D11">
      <UniqueIdentifier>{058c5413-c58a-4674-9146-afcb8b05edd7}</UniqueIdentifier>
    </Filter>
    <Filter Include="Src\Graphics\Texture2D">
      <UniqueIdentifier>{ca151639-16be-433d-9639-8a34b8bfe671}</UniqueIdentifier>
    </Filter>
    <Filter Include="Src\Graphics\Texture2D\D3D11">
      <UniqueIdentifier>{8eae44f4-56f0-4ffd-8de5-91fab5dc76bc}</UniqueIdentifier>
    </Filter>
    <Filter Include="Src\Graphics\DepthTexture2D">
      <UniqueIdentifier>{181c82cb-55e7-4993-89d0-f29e055accc0}</UniqueIdentifier>
    </Filter>
    <Filter Include="Src\Graphics\DepthTexture2D\D3D11">
      <UniqueIdentifier>{56ef115c-5cc9-4d34-944c-02b288564e02}</UniqueIdentifier>
    </Filter>
    <Filter Include="Src\Graphics\BufferResource">
      <UniqueIdentifier>{2c3aad5c-f551-46d3-a6b6-4b50161db490}</UniqueIdentifier>
    </Filter>
    <Filter Include="Src\Graphics\TextureResource">
      <UniqueIdentifier>{1bfa1c05-ad64-41a4-ad81-bdf15b51eaa6}</UniqueIdentifier>
    </Filter>
    <Filter Include="Src\Graphics\TextureResource\D3D11">
      <UniqueIdentifier>{57d81823-e3c6-439a-9ea8-c4016e574683}</UniqueIdentifier>
    </Filter>
    <Filter Include="Src\Graphics\BufferResource\D3D11">
      <UniqueIdentifier>{041d32d8-e0f6-4315-8759-c40ae683b6c4}</UniqueIdentifier>
    </Filter>
    <Filter Include="Src\Graphics\ViewResource">
      <UniqueIdentifier>{6b7a221e-5071-4636-99c0-097180cd5fb3}</UniqueIdentifier>
    </Filter>
    <Filter Include="Src\Graphics\ViewResource\D3D11">
      <UniqueIdentifier>{bf7d8e52-276d-47cb-88ca-6fa77c8e31af}</UniqueIdentifier>
    </Filter>
    <Filter Include="Src\Graphics\CommonResource">
      <UniqueIdentifier>{23bca776-fa37-429c-9ac8-75acd777b249}</UniqueIdentifier>
    </Filter>
    <Filter Include="Src\Graphics\CommonResource\D3D11">
      <UniqueIdentifier>{f5bb8c53-b5a1-43cd-a485-504fc7fd7dde}</UniqueIdentifier>
    </Filter>
    <Filter Include="Src\Core">
      <UniqueIdentifier>{856d0c85-3aff-449f-9481-63c6db6f4444}</UniqueIdentifier>
    </Filter>
    <Filter Include="Src\Core\CoreObject">
      <UniqueIdentifier>{d63ca38d-64a2-4411-ac94-c707c356639c}</UniqueIdentifier>
    </Filter>
    <Filter Include="Src\OS">
      <UniqueIdentifier>{d7ab8b22-b55b-45bc-a626-339546ee6629}</UniqueIdentifier>
    </Filter>
    <Filter Include="Src\OS\Application">
      <UniqueIdentifier>{c45d05d1-44ee-46a4-9942-6522d231a2f6}</UniqueIdentifier>
    </Filter>
    <Filter Include="Src\OS\Application\Win32">
      <UniqueIdentifier>{4e549a71-82e8-46d6-bd28-9bb2bb397cf2}</UniqueIdentifier>
    </Filter>
    <Filter Include="Src\OS\OSWindow">
      <UniqueIdentifier>{f111e6d9-f608-4fa4-92dd-819b4dc08a77}</UniqueIdentifier>
    </Filter>
    <Filter Include="Src\OS\OSWindow\Win32">
      <UniqueIdentifier>{550a47a1-9beb-4b4a-8365-1fc2cafff529}</UniqueIdentifier>
    </Filter>
    <Filter Include="Src\Graphics\VertexBuffer">
      <UniqueIdentifier>{5ffcf55e-3186-45b1-b4e3-4afa0d550417}</UniqueIdentifier>
    </Filter>
    <Filter Include="Src\Graphics\VertexBuffer\D3D11">
      <UniqueIdentifier>{3f211834-5b1a-4b1d-953e-6ffbfd88dd13}</UniqueIdentifier>
    </Filter>
    <Filter Include="Src\Statics\D3D11Statics">
      <UniqueIdentifier>{84441dce-cee9-4440-ba48-b7b5bec0a63a}</UniqueIdentifier>
    </Filter>
    <Filter Include="Globals">
      <UniqueIdentifier>{e353e360-00ec-4705-a2a7-f0e8189f0166}</UniqueIdentifier>
    </Filter>
    <Filter Include="EngineAssets">
      <UniqueIdentifier>{d6d0af0c-ff72-4d6e-b326-702347b3aa9c}</UniqueIdentifier>
    </Filter>
  </ItemGroup>
  <ItemGroup>
    <ClCompile Include="..\Main\EngineMain.cpp">
      <Filter>Src\Main</Filter>
    </ClCompile>
    <ClCompile Include="..\Utils\GameTimer\GameTimer.cpp">
      <Filter>Src\Utils\GameTimer</Filter>
    </ClCompile>
    <ClCompile Include="..\Debug\Log\DebugLog.cpp">
      <Filter>Src\Debug\Log</Filter>
    </ClCompile>
    <ClCompile Include="..\3rdParty\LodePNG\lodepng.cpp">
      <Filter>Src\3rdParty\LodePNG</Filter>
    </ClCompile>
    <ClCompile Include="..\Gameplay\SceneManager\SceneManager.cpp">
      <Filter>Src\Gameplay\SceneManager</Filter>
    </ClCompile>
    <ClCompile Include="..\Gameplay\Scene\Scene.cpp">
      <Filter>Src\Gameplay\Scene</Filter>
    </ClCompile>
    <ClCompile Include="..\Gameplay\GameObject\GameObject.cpp">
      <Filter>Src\Gameplay\GameObject</Filter>
    </ClCompile>
    <ClCompile Include="..\Components\BaseComponent\BaseComponent.cpp">
      <Filter>Src\Components\BaseComponent</Filter>
    </ClCompile>
    <ClCompile Include="..\Graphics\GraphicsManager\D3D11\D3D11GraphicsManager.cpp">
      <Filter>Src\Graphics\GraphicsManager\D3D11</Filter>
    </ClCompile>
    <ClCompile Include="..\Graphics\GraphicsManager\GraphicsManager.cpp">
      <Filter>Src\Graphics\GraphicsManager</Filter>
    </ClCompile>
    <ClCompile Include="..\Graphics\GraphicsDevice\D3D11\D3D11GraphicsDevice.cpp">
      <Filter>Src\Graphics\GraphicsDevice\D3D11</Filter>
    </ClCompile>
    <ClCompile Include="..\Graphics\GraphicsSwapchain\D3D11\D3D11GraphicsSwapchain.cpp">
      <Filter>Src\Graphics\GraphicsSwapchain\D3D11</Filter>
    </ClCompile>
    <ClCompile Include="..\Graphics\Texture2D\D3D11\D3D11Texture2D.cpp">
      <Filter>Src\Graphics\Texture2D\D3D11</Filter>
    </ClCompile>
    <ClCompile Include="..\Graphics\RenderTargetView\D3D11\D3D11RenderTargetView.cpp">
      <Filter>Src\Graphics\RenderTargetView\D3D11</Filter>
    </ClCompile>
    <ClCompile Include="..\Graphics\DepthStencilView\D3D11\D3D11DepthStencilView.cpp">
      <Filter>Src\Graphics\DepthStencilView\D3D11</Filter>
    </ClCompile>
    <ClCompile Include="..\Graphics\DepthTexture2D\D3D11\D3D11DepthTexture2D.cpp">
      <Filter>Src\Graphics\DepthTexture2D\D3D11</Filter>
    </ClCompile>
    <ClCompile Include="..\Graphics\CommonResource\D3D11\D3D11CommonResource.cpp">
      <Filter>Src\Graphics\CommonResource\D3D11</Filter>
    </ClCompile>
    <ClCompile Include="..\Graphics\TextureResource\D3D11\D3D11TextureResource.cpp">
      <Filter>Src\Graphics\TextureResource\D3D11</Filter>
    </ClCompile>
    <ClCompile Include="..\Core\CoreObject\CoreObject.cpp">
      <Filter>Src\Core\CoreObject</Filter>
    </ClCompile>
    <ClCompile Include="..\Graphics\ViewResource\D3D11\D3D11ViewResource.cpp">
      <Filter>Src\Graphics\ViewResource\D3D11</Filter>
    </ClCompile>
    <ClCompile Include="..\Graphics\BufferResource\D3D11\D3D11BufferResource.cpp">
      <Filter>Src\Graphics\BufferResource\D3D11</Filter>
    </ClCompile>
    <ClCompile Include="..\OS\Application\Win32\Win32Application.cpp">
      <Filter>Src\OS\Application\Win32</Filter>
    </ClCompile>
    <ClCompile Include="..\OS\OSWindow\Win32\Win32OSWindow.cpp">
      <Filter>Src\OS\OSWindow\Win32</Filter>
    </ClCompile>
    <ClCompile Include="..\Graphics\VertexBuffer\D3D11\D3D11VertexBuffer.cpp">
      <Filter>Src\Graphics\VertexBuffer\D3D11</Filter>
    </ClCompile>
    <ClCompile Include="..\Statics\D3D11Statics\D3D11Statics.cpp">
      <Filter>Src\Statics\D3D11Statics</Filter>
    </ClCompile>
  </ItemGroup>
  <ItemGroup>
    <ClInclude Include="..\Main\EngineStd.h">
      <Filter>Src\Main</Filter>
    </ClInclude>
    <ClInclude Include="..\Utils\GameTimer\GameTimer.h">
      <Filter>Src\Utils\GameTimer</Filter>
    </ClInclude>
    <ClInclude Include="..\Config\EngineConfig.h">
      <Filter>Engine Config</Filter>
    </ClInclude>
    <ClInclude Include="..\Debug\Log\DebugLog.h">
      <Filter>Src\Debug\Log</Filter>
    </ClInclude>
    <ClInclude Include="..\Config\Win32Config.h">
      <Filter>Engine Config</Filter>
    </ClInclude>
    <ClInclude Include="..\Includes\GraphicsIncludes.h">
      <Filter>Includes</Filter>
    </ClInclude>
    <ClInclude Include="..\Config\GraphicsConfig.h">
      <Filter>Engine Config</Filter>
    </ClInclude>
    <ClInclude Include="..\Includes\RenderingIncludes.h">
      <Filter>Includes</Filter>
    </ClInclude>
    <ClInclude Include="..\3rdParty\LodePNG\lodepng.h">
      <Filter>Src\3rdParty\LodePNG</Filter>
    </ClInclude>
    <ClInclude Include="..\Gameplay\SceneManager\SceneManager.h">
      <Filter>Src\Gameplay\SceneManager</Filter>
    </ClInclude>
    <ClInclude Include="..\Gameplay\Scene\Scene.h">
      <Filter>Src\Gameplay\Scene</Filter>
    </ClInclude>
    <ClInclude Include="..\Gameplay\GameObject\GameObject.h">
      <Filter>Src\Gameplay\GameObject</Filter>
    </ClInclude>
    <ClInclude Include="..\Components\BaseComponent\BaseComponent.h">
      <Filter>Src\Components\BaseComponent</Filter>
    </ClInclude>
    <ClInclude Include="..\Config\D3D11Config.h">
      <Filter>Engine Config</Filter>
    </ClInclude>
    <ClInclude Include="..\Graphics\GraphicsManager\D3D11\D3D11GraphicsManager.h">
      <Filter>Src\Graphics\GraphicsManager\D3D11</Filter>
    </ClInclude>
    <ClInclude Include="..\Graphics\GraphicsManager\GraphicsManager.h">
      <Filter>Src\Graphics\GraphicsManager</Filter>
    </ClInclude>
    <ClInclude Include="..\Graphics\GraphicsDevice\D3D11\D3D11GraphicsDevice.h">
      <Filter>Src\Graphics\GraphicsDevice\D3D11</Filter>
    </ClInclude>
    <ClInclude Include="..\Graphics\GraphicsDevice\GraphicsDevice.h">
      <Filter>Src\Graphics\GraphicsDevice</Filter>
    </ClInclude>
    <ClInclude Include="..\Graphics\GraphicsSwapchain\D3D11\D3D11GraphicsSwapchain.h">
      <Filter>Src\Graphics\GraphicsSwapchain\D3D11</Filter>
    </ClInclude>
    <ClInclude Include="..\Graphics\GraphicsSwapchain\GraphicsSwapchain.h">
      <Filter>Src\Graphics\GraphicsSwapchain</Filter>
    </ClInclude>
    <ClInclude Include="..\Graphics\Texture2D\D3D11\D3D11Texture2D.h">
      <Filter>Src\Graphics\Texture2D\D3D11</Filter>
    </ClInclude>
    <ClInclude Include="..\Graphics\Texture2D\Texture2D.h">
      <Filter>Src\Graphics\Texture2D</Filter>
    </ClInclude>
    <ClInclude Include="..\Graphics\RenderTargetView\D3D11\D3D11RenderTargetView.h">
      <Filter>Src\Graphics\RenderTargetView\D3D11</Filter>
    </ClInclude>
    <ClInclude Include="..\Graphics\RenderTargetView\RenderTargetView.h">
      <Filter>Src\Graphics\RenderTargetView</Filter>
    </ClInclude>
    <ClInclude Include="..\Graphics\DepthStencilView\DepthStencilView.h">
      <Filter>Src\Graphics\DepthStencilView</Filter>
    </ClInclude>
    <ClInclude Include="..\Graphics\DepthStencilView\D3D11\D3D11DepthStencilView.h">
      <Filter>Src\Graphics\DepthStencilView\D3D11</Filter>
    </ClInclude>
    <ClInclude Include="..\Graphics\DepthTexture2D\D3D11\D3D11DepthTexture2D.h">
      <Filter>Src\Graphics\DepthTexture2D\D3D11</Filter>
    </ClInclude>
    <ClInclude Include="..\Graphics\DepthTexture2D\DepthTexture2D.h">
      <Filter>Src\Graphics\DepthTexture2D</Filter>
    </ClInclude>
    <ClInclude Include="..\Graphics\CommonResource\D3D11\D3D11CommonResource.h">
      <Filter>Src\Graphics\CommonResource\D3D11</Filter>
    </ClInclude>
    <ClInclude Include="..\Graphics\CommonResource\CommonResource.h">
      <Filter>Src\Graphics\CommonResource</Filter>
    </ClInclude>
    <ClInclude Include="..\Graphics\TextureResource\D3D11\D3D11TextureResource.h">
      <Filter>Src\Graphics\TextureResource\D3D11</Filter>
    </ClInclude>
    <ClInclude Include="..\Graphics\TextureResource\TextureResource.h">
      <Filter>Src\Graphics\TextureResource</Filter>
    </ClInclude>
    <ClInclude Include="..\Core\CoreObject\CoreObject.h">
      <Filter>Src\Core\CoreObject</Filter>
    </ClInclude>
    <ClInclude Include="..\Graphics\ViewResource\D3D11\D3D11ViewResource.h">
      <Filter>Src\Graphics\ViewResource\D3D11</Filter>
    </ClInclude>
    <ClInclude Include="..\Graphics\ViewResource\ViewResource.h">
      <Filter>Src\Graphics\ViewResource</Filter>
    </ClInclude>
    <ClInclude Include="..\Graphics\BufferResource\D3D11\D3D11BufferResource.h">
      <Filter>Src\Graphics\BufferResource\D3D11</Filter>
    </ClInclude>
    <ClInclude Include="..\Graphics\BufferResource\BufferResource.h">
      <Filter>Src\Graphics\BufferResource</Filter>
    </ClInclude>
    <ClInclude Include="..\OS\Application\Win32\Win32Application.h">
      <Filter>Src\OS\Application\Win32</Filter>
    </ClInclude>
    <ClInclude Include="..\OS\Application\Application.h">
      <Filter>Src\OS\Application</Filter>
    </ClInclude>
    <ClInclude Include="..\OS\OSWindow\Win32\Win32OSWindow.h">
      <Filter>Src\OS\OSWindow\Win32</Filter>
    </ClInclude>
    <ClInclude Include="..\OS\OSWindow\OSWindow.h">
      <Filter>Src\OS\OSWindow</Filter>
    </ClInclude>
    <ClInclude Include="..\Graphics\VertexBuffer\D3D11\D3D11VertexBuffer.h">
      <Filter>Src\Graphics\VertexBuffer\D3D11</Filter>
    </ClInclude>
    <ClInclude Include="..\Graphics\VertexBuffer\VertexBuffer.h">
      <Filter>Src\Graphics\VertexBuffer</Filter>
    </ClInclude>
    <ClInclude Include="..\Statics\D3D11Statics\D3D11Statics.h">
      <Filter>Src\Statics\D3D11Statics</Filter>
    </ClInclude>
    <ClInclude Include="..\Globals\GraphicsGlobals.h">
      <Filter>Globals</Filter>
    </ClInclude>
  </ItemGroup>
</Project>